// !$*UTF8*$!
{
	archiveVersion = 1;
	classes = {
	};
	objectVersion = 51;
	objects = {

/* Begin PBXBuildFile section */
		03304FAC047F5C2ADF25AFFC /* Pods_No.framework in Frameworks */ = {isa = PBXBuildFile; fileRef = CF516C229A28F8E6D573F3AE /* Pods_No.framework */; };
		86944DE423D323C40031743A /* AppDelegate.swift in Sources */ = {isa = PBXBuildFile; fileRef = 86944DE323D323C40031743A /* AppDelegate.swift */; };
		86944DE623D323C40031743A /* SceneDelegate.swift in Sources */ = {isa = PBXBuildFile; fileRef = 86944DE523D323C40031743A /* SceneDelegate.swift */; };
		86944DE823D323C40031743A /* ContentView.swift in Sources */ = {isa = PBXBuildFile; fileRef = 86944DE723D323C40031743A /* ContentView.swift */; };
		86944DEA23D323C80031743A /* Assets.xcassets in Resources */ = {isa = PBXBuildFile; fileRef = 86944DE923D323C80031743A /* Assets.xcassets */; };
		86944DED23D323C80031743A /* Preview Assets.xcassets in Resources */ = {isa = PBXBuildFile; fileRef = 86944DEC23D323C80031743A /* Preview Assets.xcassets */; };
		86944DF023D323C80031743A /* LaunchScreen.storyboard in Resources */ = {isa = PBXBuildFile; fileRef = 86944DEE23D323C80031743A /* LaunchScreen.storyboard */; };
		86944DF823D325720031743A /* HelloWorldTest.swift in Sources */ = {isa = PBXBuildFile; fileRef = 86944DF723D325720031743A /* HelloWorldTest.swift */; };
		86944DFB23D32C240031743A /* TempleBell.mp3 in Resources */ = {isa = PBXBuildFile; fileRef = 86944DFA23D32C240031743A /* TempleBell.mp3 */; };
		8696728323D386F3008E5CD4 /* CircularSliderView.swift in Sources */ = {isa = PBXBuildFile; fileRef = 8696728223D386F3008E5CD4 /* CircularSliderView.swift */; };
/* End PBXBuildFile section */

/* Begin PBXFileReference section */
		86944DE023D323C40031743A /* No.app */ = {isa = PBXFileReference; explicitFileType = wrapper.application; includeInIndex = 0; path = No.app; sourceTree = BUILT_PRODUCTS_DIR; };
		86944DE323D323C40031743A /* AppDelegate.swift */ = {isa = PBXFileReference; lastKnownFileType = sourcecode.swift; path = AppDelegate.swift; sourceTree = "<group>"; };
		86944DE523D323C40031743A /* SceneDelegate.swift */ = {isa = PBXFileReference; lastKnownFileType = sourcecode.swift; path = SceneDelegate.swift; sourceTree = "<group>"; };
		86944DE723D323C40031743A /* ContentView.swift */ = {isa = PBXFileReference; lastKnownFileType = sourcecode.swift; path = ContentView.swift; sourceTree = "<group>"; };
		86944DE923D323C80031743A /* Assets.xcassets */ = {isa = PBXFileReference; lastKnownFileType = folder.assetcatalog; path = Assets.xcassets; sourceTree = "<group>"; };
		86944DEC23D323C80031743A /* Preview Assets.xcassets */ = {isa = PBXFileReference; lastKnownFileType = folder.assetcatalog; path = "Preview Assets.xcassets"; sourceTree = "<group>"; };
		86944DEF23D323C80031743A /* Base */ = {isa = PBXFileReference; lastKnownFileType = file.storyboard; name = Base; path = Base.lproj/LaunchScreen.storyboard; sourceTree = "<group>"; };
		86944DF123D323C80031743A /* Info.plist */ = {isa = PBXFileReference; lastKnownFileType = text.plist.xml; path = Info.plist; sourceTree = "<group>"; };
		86944DF723D325720031743A /* HelloWorldTest.swift */ = {isa = PBXFileReference; lastKnownFileType = sourcecode.swift; path = HelloWorldTest.swift; sourceTree = "<group>"; };
		86944DFA23D32C240031743A /* TempleBell.mp3 */ = {isa = PBXFileReference; lastKnownFileType = audio.mp3; path = TempleBell.mp3; sourceTree = "<group>"; };
		8696728223D386F3008E5CD4 /* CircularSliderView.swift */ = {isa = PBXFileReference; lastKnownFileType = sourcecode.swift; name = CircularSliderView.swift; path = No/CircularSliderView.swift; sourceTree = SOURCE_ROOT; };
		CF516C229A28F8E6D573F3AE /* Pods_No.framework */ = {isa = PBXFileReference; explicitFileType = wrapper.framework; includeInIndex = 0; path = Pods_No.framework; sourceTree = BUILT_PRODUCTS_DIR; };
		DE91CF7DE5CDC6E843A80D27 /* Pods-No.debug.xcconfig */ = {isa = PBXFileReference; includeInIndex = 1; lastKnownFileType = text.xcconfig; name = "Pods-No.debug.xcconfig"; path = "Target Support Files/Pods-No/Pods-No.debug.xcconfig"; sourceTree = "<group>"; };
		DF328F5966F33AA41BD37C9A /* Pods-No.release.xcconfig */ = {isa = PBXFileReference; includeInIndex = 1; lastKnownFileType = text.xcconfig; name = "Pods-No.release.xcconfig"; path = "Target Support Files/Pods-No/Pods-No.release.xcconfig"; sourceTree = "<group>"; };
/* End PBXFileReference section */

/* Begin PBXFrameworksBuildPhase section */
		86944DDD23D323C40031743A /* Frameworks */ = {
			isa = PBXFrameworksBuildPhase;
			buildActionMask = 2147483647;
			files = (
				03304FAC047F5C2ADF25AFFC /* Pods_No.framework in Frameworks */,
			);
			runOnlyForDeploymentPostprocessing = 0;
		};
/* End PBXFrameworksBuildPhase section */

/* Begin PBXGroup section */
		5B8752496C071F563DBB1317 /* Frameworks */ = {
			isa = PBXGroup;
			children = (
				CF516C229A28F8E6D573F3AE /* Pods_No.framework */,
			);
			name = Frameworks;
			sourceTree = "<group>";
		};
		86944DD723D323C40031743A = {
			isa = PBXGroup;
			children = (
				86944DE223D323C40031743A /* No */,
				86944DE123D323C40031743A /* Products */,
				B8490339CCFA679467B5F062 /* Pods */,
				5B8752496C071F563DBB1317 /* Frameworks */,
			);
			sourceTree = "<group>";
		};
		86944DE123D323C40031743A /* Products */ = {
			isa = PBXGroup;
			children = (
				86944DE023D323C40031743A /* No.app */,
			);
			name = Products;
			sourceTree = "<group>";
		};
		86944DE223D323C40031743A /* No */ = {
			isa = PBXGroup;
			children = (
				8696728223D386F3008E5CD4 /* CircularSliderView.swift */,
				86944DF923D32BF50031743A /* Sounds */,
				86944DE323D323C40031743A /* AppDelegate.swift */,
				86944DE523D323C40031743A /* SceneDelegate.swift */,
				86944DE723D323C40031743A /* ContentView.swift */,
				86944DE923D323C80031743A /* Assets.xcassets */,
				86944DEE23D323C80031743A /* LaunchScreen.storyboard */,
				86944DF123D323C80031743A /* Info.plist */,
				86944DEB23D323C80031743A /* Preview Content */,
				86944DF723D325720031743A /* HelloWorldTest.swift */,
			);
			path = No;
			sourceTree = "<group>";
		};
		86944DEB23D323C80031743A /* Preview Content */ = {
			isa = PBXGroup;
			children = (
				86944DEC23D323C80031743A /* Preview Assets.xcassets */,
			);
			path = "Preview Content";
			sourceTree = "<group>";
		};
		86944DF923D32BF50031743A /* Sounds */ = {
			isa = PBXGroup;
			children = (
				86944DFA23D32C240031743A /* TempleBell.mp3 */,
			);
			path = Sounds;
			sourceTree = "<group>";
		};
		B8490339CCFA679467B5F062 /* Pods */ = {
			isa = PBXGroup;
			children = (
				DE91CF7DE5CDC6E843A80D27 /* Pods-No.debug.xcconfig */,
				DF328F5966F33AA41BD37C9A /* Pods-No.release.xcconfig */,
			);
			path = Pods;
			sourceTree = "<group>";
		};
/* End PBXGroup section */

/* Begin PBXNativeTarget section */
		86944DDF23D323C40031743A /* No */ = {
			isa = PBXNativeTarget;
			buildConfigurationList = 86944DF423D323C80031743A /* Build configuration list for PBXNativeTarget "No" */;
			buildPhases = (
				EBEBCE9C41EA72E9AD65740A /* [CP] Check Pods Manifest.lock */,
				86944DDC23D323C40031743A /* Sources */,
				86944DDD23D323C40031743A /* Frameworks */,
				86944DDE23D323C40031743A /* Resources */,
				40F039FEEBC35CFD77F34836 /* [CP] Embed Pods Frameworks */,
			);
			buildRules = (
			);
			dependencies = (
			);
			name = No;
			productName = No;
			productReference = 86944DE023D323C40031743A /* No.app */;
			productType = "com.apple.product-type.application";
		};
/* End PBXNativeTarget section */

/* Begin PBXProject section */
		86944DD823D323C40031743A /* Project object */ = {
			isa = PBXProject;
			attributes = {
				LastSwiftUpdateCheck = 1130;
				LastUpgradeCheck = 1130;
				ORGANIZATIONNAME = "Divan Visagie";
				TargetAttributes = {
					86944DDF23D323C40031743A = {
						CreatedOnToolsVersion = 11.3.1;
					};
				};
			};
			buildConfigurationList = 86944DDB23D323C40031743A /* Build configuration list for PBXProject "No" */;
			compatibilityVersion = "Xcode 9.3";
			developmentRegion = en;
			hasScannedForEncodings = 0;
			knownRegions = (
				en,
				Base,
			);
			mainGroup = 86944DD723D323C40031743A;
			productRefGroup = 86944DE123D323C40031743A /* Products */;
			projectDirPath = "";
			projectRoot = "";
			targets = (
				86944DDF23D323C40031743A /* No */,
			);
		};
/* End PBXProject section */

/* Begin PBXResourcesBuildPhase section */
		86944DDE23D323C40031743A /* Resources */ = {
			isa = PBXResourcesBuildPhase;
			buildActionMask = 2147483647;
			files = (
				86944DF023D323C80031743A /* LaunchScreen.storyboard in Resources */,
				86944DED23D323C80031743A /* Preview Assets.xcassets in Resources */,
				86944DFB23D32C240031743A /* TempleBell.mp3 in Resources */,
				86944DEA23D323C80031743A /* Assets.xcassets in Resources */,
			);
			runOnlyForDeploymentPostprocessing = 0;
		};
/* End PBXResourcesBuildPhase section */

/* Begin PBXShellScriptBuildPhase section */
		40F039FEEBC35CFD77F34836 /* [CP] Embed Pods Frameworks */ = {
			isa = PBXShellScriptBuildPhase;
			buildActionMask = 2147483647;
			files = (
			);
			inputFileListPaths = (
				"${PODS_ROOT}/Target Support Files/Pods-No/Pods-No-frameworks-${CONFIGURATION}-input-files.xcfilelist",
			);
			name = "[CP] Embed Pods Frameworks";
			outputFileListPaths = (
				"${PODS_ROOT}/Target Support Files/Pods-No/Pods-No-frameworks-${CONFIGURATION}-output-files.xcfilelist",
			);
			runOnlyForDeploymentPostprocessing = 0;
			shellPath = /bin/sh;
			shellScript = "\"${PODS_ROOT}/Target Support Files/Pods-No/Pods-No-frameworks.sh\"\n";
			showEnvVarsInLog = 0;
		};
		EBEBCE9C41EA72E9AD65740A /* [CP] Check Pods Manifest.lock */ = {
			isa = PBXShellScriptBuildPhase;
			buildActionMask = 2147483647;
			files = (
			);
			inputFileListPaths = (
			);
			inputPaths = (
				"${PODS_PODFILE_DIR_PATH}/Podfile.lock",
				"${PODS_ROOT}/Manifest.lock",
			);
			name = "[CP] Check Pods Manifest.lock";
			outputFileListPaths = (
			);
			outputPaths = (
				"$(DERIVED_FILE_DIR)/Pods-No-checkManifestLockResult.txt",
			);
			runOnlyForDeploymentPostprocessing = 0;
			shellPath = /bin/sh;
			shellScript = "diff \"${PODS_PODFILE_DIR_PATH}/Podfile.lock\" \"${PODS_ROOT}/Manifest.lock\" > /dev/null\nif [ $? != 0 ] ; then\n    # print error to STDERR\n    echo \"error: The sandbox is not in sync with the Podfile.lock. Run 'pod install' or update your CocoaPods installation.\" >&2\n    exit 1\nfi\n# This output is used by Xcode 'outputs' to avoid re-running this script phase.\necho \"SUCCESS\" > \"${SCRIPT_OUTPUT_FILE_0}\"\n";
			showEnvVarsInLog = 0;
		};
/* End PBXShellScriptBuildPhase section */

/* Begin PBXSourcesBuildPhase section */
		86944DDC23D323C40031743A /* Sources */ = {
			isa = PBXSourcesBuildPhase;
			buildActionMask = 2147483647;
			files = (
				86944DE423D323C40031743A /* AppDelegate.swift in Sources */,
				86944DE623D323C40031743A /* SceneDelegate.swift in Sources */,
				86944DF823D325720031743A /* HelloWorldTest.swift in Sources */,
				8696728323D386F3008E5CD4 /* CircularSliderView.swift in Sources */,
				86944DE823D323C40031743A /* ContentView.swift in Sources */,
			);
			runOnlyForDeploymentPostprocessing = 0;
		};
/* End PBXSourcesBuildPhase section */

/* Begin PBXVariantGroup section */
		86944DEE23D323C80031743A /* LaunchScreen.storyboard */ = {
			isa = PBXVariantGroup;
			children = (
				86944DEF23D323C80031743A /* Base */,
			);
			name = LaunchScreen.storyboard;
			sourceTree = "<group>";
		};
/* End PBXVariantGroup section */

/* Begin XCBuildConfiguration section */
		86944DF223D323C80031743A /* Debug */ = {
			isa = XCBuildConfiguration;
			buildSettings = {
				ALWAYS_SEARCH_USER_PATHS = NO;
				CLANG_ANALYZER_NONNULL = YES;
				CLANG_ANALYZER_NUMBER_OBJECT_CONVERSION = YES_AGGRESSIVE;
				CLANG_CXX_LANGUAGE_STANDARD = "gnu++14";
				CLANG_CXX_LIBRARY = "libc++";
				CLANG_ENABLE_MODULES = YES;
				CLANG_ENABLE_OBJC_ARC = YES;
				CLANG_ENABLE_OBJC_WEAK = YES;
				CLANG_WARN_BLOCK_CAPTURE_AUTORELEASING = YES;
				CLANG_WARN_BOOL_CONVERSION = YES;
				CLANG_WARN_COMMA = YES;
				CLANG_WARN_CONSTANT_CONVERSION = YES;
				CLANG_WARN_DEPRECATED_OBJC_IMPLEMENTATIONS = YES;
				CLANG_WARN_DIRECT_OBJC_ISA_USAGE = YES_ERROR;
				CLANG_WARN_DOCUMENTATION_COMMENTS = YES;
				CLANG_WARN_EMPTY_BODY = YES;
				CLANG_WARN_ENUM_CONVERSION = YES;
				CLANG_WARN_INFINITE_RECURSION = YES;
				CLANG_WARN_INT_CONVERSION = YES;
				CLANG_WARN_NON_LITERAL_NULL_CONVERSION = YES;
				CLANG_WARN_OBJC_IMPLICIT_RETAIN_SELF = YES;
				CLANG_WARN_OBJC_LITERAL_CONVERSION = YES;
				CLANG_WARN_OBJC_ROOT_CLASS = YES_ERROR;
				CLANG_WARN_RANGE_LOOP_ANALYSIS = YES;
				CLANG_WARN_STRICT_PROTOTYPES = YES;
				CLANG_WARN_SUSPICIOUS_MOVE = YES;
				CLANG_WARN_UNGUARDED_AVAILABILITY = YES_AGGRESSIVE;
				CLANG_WARN_UNREACHABLE_CODE = YES;
				CLANG_WARN__DUPLICATE_METHOD_MATCH = YES;
				COPY_PHASE_STRIP = NO;
				DEBUG_INFORMATION_FORMAT = dwarf;
				ENABLE_STRICT_OBJC_MSGSEND = YES;
				ENABLE_TESTABILITY = YES;
				GCC_C_LANGUAGE_STANDARD = gnu11;
				GCC_DYNAMIC_NO_PIC = NO;
				GCC_NO_COMMON_BLOCKS = YES;
				GCC_OPTIMIZATION_LEVEL = 0;
				GCC_PREPROCESSOR_DEFINITIONS = (
					"DEBUG=1",
					"$(inherited)",
				);
				GCC_WARN_64_TO_32_BIT_CONVERSION = YES;
				GCC_WARN_ABOUT_RETURN_TYPE = YES_ERROR;
				GCC_WARN_UNDECLARED_SELECTOR = YES;
				GCC_WARN_UNINITIALIZED_AUTOS = YES_AGGRESSIVE;
				GCC_WARN_UNUSED_FUNCTION = YES;
				GCC_WARN_UNUSED_VARIABLE = YES;
				IPHONEOS_DEPLOYMENT_TARGET = 13.2;
				MTL_ENABLE_DEBUG_INFO = INCLUDE_SOURCE;
				MTL_FAST_MATH = YES;
				ONLY_ACTIVE_ARCH = YES;
				SDKROOT = iphoneos;
				SWIFT_ACTIVE_COMPILATION_CONDITIONS = DEBUG;
				SWIFT_OPTIMIZATION_LEVEL = "-Onone";
			};
			name = Debug;
		};
		86944DF323D323C80031743A /* Release */ = {
			isa = XCBuildConfiguration;
			buildSettings = {
				ALWAYS_SEARCH_USER_PATHS = NO;
				CLANG_ANALYZER_NONNULL = YES;
				CLANG_ANALYZER_NUMBER_OBJECT_CONVERSION = YES_AGGRESSIVE;
				CLANG_CXX_LANGUAGE_STANDARD = "gnu++14";
				CLANG_CXX_LIBRARY = "libc++";
				CLANG_ENABLE_MODULES = YES;
				CLANG_ENABLE_OBJC_ARC = YES;
				CLANG_ENABLE_OBJC_WEAK = YES;
				CLANG_WARN_BLOCK_CAPTURE_AUTORELEASING = YES;
				CLANG_WARN_BOOL_CONVERSION = YES;
				CLANG_WARN_COMMA = YES;
				CLANG_WARN_CONSTANT_CONVERSION = YES;
				CLANG_WARN_DEPRECATED_OBJC_IMPLEMENTATIONS = YES;
				CLANG_WARN_DIRECT_OBJC_ISA_USAGE = YES_ERROR;
				CLANG_WARN_DOCUMENTATION_COMMENTS = YES;
				CLANG_WARN_EMPTY_BODY = YES;
				CLANG_WARN_ENUM_CONVERSION = YES;
				CLANG_WARN_INFINITE_RECURSION = YES;
				CLANG_WARN_INT_CONVERSION = YES;
				CLANG_WARN_NON_LITERAL_NULL_CONVERSION = YES;
				CLANG_WARN_OBJC_IMPLICIT_RETAIN_SELF = YES;
				CLANG_WARN_OBJC_LITERAL_CONVERSION = YES;
				CLANG_WARN_OBJC_ROOT_CLASS = YES_ERROR;
				CLANG_WARN_RANGE_LOOP_ANALYSIS = YES;
				CLANG_WARN_STRICT_PROTOTYPES = YES;
				CLANG_WARN_SUSPICIOUS_MOVE = YES;
				CLANG_WARN_UNGUARDED_AVAILABILITY = YES_AGGRESSIVE;
				CLANG_WARN_UNREACHABLE_CODE = YES;
				CLANG_WARN__DUPLICATE_METHOD_MATCH = YES;
				COPY_PHASE_STRIP = NO;
				DEBUG_INFORMATION_FORMAT = "dwarf-with-dsym";
				ENABLE_NS_ASSERTIONS = NO;
				ENABLE_STRICT_OBJC_MSGSEND = YES;
				GCC_C_LANGUAGE_STANDARD = gnu11;
				GCC_NO_COMMON_BLOCKS = YES;
				GCC_WARN_64_TO_32_BIT_CONVERSION = YES;
				GCC_WARN_ABOUT_RETURN_TYPE = YES_ERROR;
				GCC_WARN_UNDECLARED_SELECTOR = YES;
				GCC_WARN_UNINITIALIZED_AUTOS = YES_AGGRESSIVE;
				GCC_WARN_UNUSED_FUNCTION = YES;
				GCC_WARN_UNUSED_VARIABLE = YES;
				IPHONEOS_DEPLOYMENT_TARGET = 13.2;
				MTL_ENABLE_DEBUG_INFO = NO;
				MTL_FAST_MATH = YES;
				SDKROOT = iphoneos;
				SWIFT_COMPILATION_MODE = wholemodule;
				SWIFT_OPTIMIZATION_LEVEL = "-O";
				VALIDATE_PRODUCT = YES;
			};
			name = Release;
		};
		86944DF523D323C80031743A /* Debug */ = {
			isa = XCBuildConfiguration;
			baseConfigurationReference = DE91CF7DE5CDC6E843A80D27 /* Pods-No.debug.xcconfig */;
			buildSettings = {
				ASSETCATALOG_COMPILER_APPICON_NAME = AppIcon;
				CODE_SIGN_STYLE = Automatic;
				DEVELOPMENT_ASSET_PATHS = "\"No/Preview Content\"";
				DEVELOPMENT_TEAM = 9669QFDP93;
				ENABLE_PREVIEWS = YES;
				INFOPLIST_FILE = No/Info.plist;
				LD_RUNPATH_SEARCH_PATHS = (
					"$(inherited)",
					"@executable_path/Frameworks",
				);
				PRODUCT_BUNDLE_IDENTIFIER = dvisagie.No;
				PRODUCT_NAME = "$(TARGET_NAME)";
				SWIFT_VERSION = 5.0;
				TARGETED_DEVICE_FAMILY = 1;
			};
			name = Debug;
		};
		86944DF623D323C80031743A /* Release */ = {
			isa = XCBuildConfiguration;
			baseConfigurationReference = DF328F5966F33AA41BD37C9A /* Pods-No.release.xcconfig */;
			buildSettings = {
				ASSETCATALOG_COMPILER_APPICON_NAME = AppIcon;
				CODE_SIGN_STYLE = Automatic;
				DEVELOPMENT_ASSET_PATHS = "\"No/Preview Content\"";
				DEVELOPMENT_TEAM = 9669QFDP93;
				ENABLE_PREVIEWS = YES;
				INFOPLIST_FILE = No/Info.plist;
				LD_RUNPATH_SEARCH_PATHS = (
					"$(inherited)",
					"@executable_path/Frameworks",
				);
				PRODUCT_BUNDLE_IDENTIFIER = dvisagie.No;
				PRODUCT_NAME = "$(TARGET_NAME)";
				SWIFT_VERSION = 5.0;
				TARGETED_DEVICE_FAMILY = 1;
			};
			name = Release;
		};
/* End XCBuildConfiguration section */

/* Begin XCConfigurationList section */
		86944DDB23D323C40031743A /* Build configuration list for PBXProject "No" */ = {
			isa = XCConfigurationList;
			buildConfigurations = (
				86944DF223D323C80031743A /* Debug */,
				86944DF323D323C80031743A /* Release */,
			);
			defaultConfigurationIsVisible = 0;
			defaultConfigurationName = Release;
		};
		86944DF423D323C80031743A /* Build configuration list for PBXNativeTarget "No" */ = {
			isa = XCConfigurationList;
			buildConfigurations = (
				86944DF523D323C80031743A /* Debug */,
				86944DF623D323C80031743A /* Release */,
			);
			defaultConfigurationIsVisible = 0;
			defaultConfigurationName = Release;
		};
/* End XCConfigurationList section */
	};
	rootObject = 86944DD823D323C40031743A /* Project object */;
}
